{
  "requires": true,
  "lockfileVersion": 1,
  "dependencies": {
    "@commitlint/config-conventional": {
      "version": "7.0.1",
      "resolved": "http://registry.npm.taobao.org/@commitlint/config-conventional/download/@commitlint/config-conventional-7.0.1.tgz",
      "integrity": "sha1-J2l3+O5g2MVtf91DKWr3bf7ptfc="
    }
  }
}
