{
	"requires": true,
	"lockfileVersion": 1,
	"dependencies": {
		"stylelint-config-recommended": {
			"version": "2.1.0",
			"resolved": "http://registry.npm.taobao.org/stylelint-config-recommended/download/stylelint-config-recommended-2.1.0.tgz",
			"integrity": "sha1-9SbVx3HGgRGG2ertvtAhlf7jCFg="
		},
		"stylelint-config-standard": {
			"version": "18.2.0",
			"resolved": "http://registry.npm.taobao.org/stylelint-config-standard/download/stylelint-config-standard-18.2.0.tgz",
			"integrity": "sha1-YoMUmrp/ZPGHMa748Kv7Nc9hngY=",
			"requires": {
				"stylelint-config-recommended": "^2.1.0"
			}
		}
	}
}
