{
  "requires": true,
  "lockfileVersion": 1,
  "dependencies": {
    "eslint-config-prettier": {
      "version": "2.9.0",
      "resolved": "http://registry.npm.taobao.org/eslint-config-prettier/download/eslint-config-prettier-2.9.0.tgz",
      "integrity": "sha1-Xs1lF01IbCLf84n+A2/r9QLUaKM=",
      "requires": {
        "get-stdin": "^5.0.1"
      }
    },
    "eslint-plugin-prettier": {
      "version": "2.6.2",
      "resolved": "http://registry.npm.taobao.org/eslint-plugin-prettier/download/eslint-plugin-prettier-2.6.2.tgz",
      "integrity": "sha1-cZmMYK7fohQfe/y/nRxFm/mLT60=",
      "requires": {
        "fast-diff": "^1.1.1",
        "jest-docblock": "^21.0.0"
      }
    },
    "fast-diff": {
      "version": "1.1.2",
      "resolved": "http://registry.npm.taobao.org/fast-diff/download/fast-diff-1.1.2.tgz",
      "integrity": "sha1-S2LEK44D3j+EhGC2OQeZIGldAVQ="
    },
    "get-stdin": {
      "version": "5.0.1",
      "resolved": "http://registry.npm.taobao.org/get-stdin/download/get-stdin-5.0.1.tgz",
      "integrity": "sha1-Ei4WFZHiH/TFJTAwVpPyDmOTo5g="
    },
    "jest-docblock": {
      "version": "21.2.0",
      "resolved": "http://registry.npm.taobao.org/jest-docblock/download/jest-docblock-21.2.0.tgz",
      "integrity": "sha1-UVKcOzDV/RWdpgwnzu3Blfr41BQ="
    }
  }
}
